
Microsoft Visual Studio Solution File, Format Version 12.00
# Visual Studio Version 16
VisualStudioVersion = 16.0.28922.388
MinimumVisualStudioVersion = 10.0.40219.1
Project("{FAE04EC0-301F-11D3-BF4B-00C04F79EFBC}") = "T6_SkeletonTracking", "T6_SkeletonTracking\T6_SkeletonTracking.csproj", "{8BD87008-E5EE-4C62-BCFD-1EC5C1979C4D}"
EndProject
Global
	GlobalSection(SolutionConfigurationPlatforms) = preSolution
		Debug|Any CPU = Debug|Any CPU
		Release|Any CPU = Release|Any CPU
	EndGlobalSection
	GlobalSection(ProjectConfigurationPlatforms) = postSolution
		{8BD87008-E5EE-4C62-BCFD-1EC5C1979C4D}.Debug|Any CPU.ActiveCfg = Debug|Any CPU
		{8BD87008-E5EE-4C62-BCFD-1EC5C1979C4D}.Debug|Any CPU.Build.0 = Debug|Any CPU
		{8BD87008-E5EE-4C62-BCFD-1EC5C1979C4D}.Release|Any CPU.ActiveCfg = Release|Any CPU
		{8BD87008-E5EE-4C62-BCFD-1EC5C1979C4D}.Release|Any CPU.Build.0 = Release|Any CPU
	EndGlobalSection
	GlobalSection(SolutionProperties) = preSolution
		HideSolutionNode = FALSE
	EndGlobalSection
	GlobalSection(ExtensibilityGlobals) = postSolution
		SolutionGuid = {C97FA1C4-C46D-45CD-8A50-ED8326146885}
	EndGlobalSection
EndGlobal
